// !$*UTF8*$!
{
	archiveVersion = 1;
	classes = {
	};
	objectVersion = 46;
	objects = {

/* Begin PBXBuildFile section */
		23128DB91E2A05DC00041A1F /* calc.swift in Sources */ = {isa = PBXBuildFile; fileRef = 23128DB81E2A05DC00041A1F /* calc.swift */; };
		23FCF3B21DF80F4800234B7E /* AppDelegate.swift in Sources */ = {isa = PBXBuildFile; fileRef = 23FCF3B11DF80F4800234B7E /* AppDelegate.swift */; };
		23FCF3B41DF80F4800234B7E /* FirstViewController.swift in Sources */ = {isa = PBXBuildFile; fileRef = 23FCF3B31DF80F4800234B7E /* FirstViewController.swift */; };
		23FCF3B61DF80F4800234B7E /* SecondViewController.swift in Sources */ = {isa = PBXBuildFile; fileRef = 23FCF3B51DF80F4800234B7E /* SecondViewController.swift */; };
		23FCF3B91DF80F4800234B7E /* Main.storyboard in Resources */ = {isa = PBXBuildFile; fileRef = 23FCF3B71DF80F4800234B7E /* Main.storyboard */; };
		23FCF3BB1DF80F4800234B7E /* Assets.xcassets in Resources */ = {isa = PBXBuildFile; fileRef = 23FCF3BA1DF80F4800234B7E /* Assets.xcassets */; };
		23FCF3BE1DF80F4800234B7E /* LaunchScreen.storyboard in Resources */ = {isa = PBXBuildFile; fileRef = 23FCF3BC1DF80F4800234B7E /* LaunchScreen.storyboard */; };
		23FCF3C91DF80F4800234B7E /* calculatorTests.swift in Sources */ = {isa = PBXBuildFile; fileRef = 23FCF3C81DF80F4800234B7E /* calculatorTests.swift */; };
		23FCF3D41DF80F4800234B7E /* calculatorUITests.swift in Sources */ = {isa = PBXBuildFile; fileRef = 23FCF3D31DF80F4800234B7E /* calculatorUITests.swift */; };
/* End PBXBuildFile section */

/* Begin PBXContainerItemProxy section */
		23FCF3C51DF80F4800234B7E /* PBXContainerItemProxy */ = {
			isa = PBXContainerItemProxy;
			containerPortal = 23FCF3A61DF80F4800234B7E /* Project object */;
			proxyType = 1;
			remoteGlobalIDString = 23FCF3AD1DF80F4800234B7E;
			remoteInfo = calculator;
		};
		23FCF3D01DF80F4800234B7E /* PBXContainerItemProxy */ = {
			isa = PBXContainerItemProxy;
			containerPortal = 23FCF3A61DF80F4800234B7E /* Project object */;
			proxyType = 1;
			remoteGlobalIDString = 23FCF3AD1DF80F4800234B7E;
			remoteInfo = calculator;
		};
/* End PBXContainerItemProxy section */

/* Begin PBXFileReference section */
		23128DB81E2A05DC00041A1F /* calc.swift */ = {isa = PBXFileReference; fileEncoding = 4; lastKnownFileType = sourcecode.swift; path = calc.swift; sourceTree = "<group>"; };
		23FCF3AE1DF80F4800234B7E /* calculator.app */ = {isa = PBXFileReference; explicitFileType = wrapper.application; includeInIndex = 0; path = calculator.app; sourceTree = BUILT_PRODUCTS_DIR; };
		23FCF3B11DF80F4800234B7E /* AppDelegate.swift */ = {isa = PBXFileReference; lastKnownFileType = sourcecode.swift; path = AppDelegate.swift; sourceTree = "<group>"; };
		23FCF3B31DF80F4800234B7E /* FirstViewController.swift */ = {isa = PBXFileReference; lastKnownFileType = sourcecode.swift; path = FirstViewController.swift; sourceTree = "<group>"; };
		23FCF3B51DF80F4800234B7E /* SecondViewController.swift */ = {isa = PBXFileReference; lastKnownFileType = sourcecode.swift; path = SecondViewController.swift; sourceTree = "<group>"; };
		23FCF3B81DF80F4800234B7E /* Base */ = {isa = PBXFileReference; lastKnownFileType = file.storyboard; name = Base; path = Base.lproj/Main.storyboard; sourceTree = "<group>"; };
		23FCF3BA1DF80F4800234B7E /* Assets.xcassets */ = {isa = PBXFileReference; lastKnownFileType = folder.assetcatalog; path = Assets.xcassets; sourceTree = "<group>"; };
		23FCF3BD1DF80F4800234B7E /* Base */ = {isa = PBXFileReference; lastKnownFileType = file.storyboard; name = Base; path = Base.lproj/LaunchScreen.storyboard; sourceTree = "<group>"; };
		23FCF3BF1DF80F4800234B7E /* Info.plist */ = {isa = PBXFileReference; lastKnownFileType = text.plist.xml; path = Info.plist; sourceTree = "<group>"; };
		23FCF3C41DF80F4800234B7E /* calculatorTests.xctest */ = {isa = PBXFileReference; explicitFileType = wrapper.cfbundle; includeInIndex = 0; path = calculatorTests.xctest; sourceTree = BUILT_PRODUCTS_DIR; };
		23FCF3C81DF80F4800234B7E /* calculatorTests.swift */ = {isa = PBXFileReference; lastKnownFileType = sourcecode.swift; path = calculatorTests.swift; sourceTree = "<group>"; };
		23FCF3CA1DF80F4800234B7E /* Info.plist */ = {isa = PBXFileReference; lastKnownFileType = text.plist.xml; path = Info.plist; sourceTree = "<group>"; };
		23FCF3CF1DF80F4800234B7E /* calculatorUITests.xctest */ = {isa = PBXFileReference; explicitFileType = wrapper.cfbundle; includeInIndex = 0; path = calculatorUITests.xctest; sourceTree = BUILT_PRODUCTS_DIR; };
		23FCF3D31DF80F4800234B7E /* calculatorUITests.swift */ = {isa = PBXFileReference; lastKnownFileType = sourcecode.swift; path = calculatorUITests.swift; sourceTree = "<group>"; };
		23FCF3D51DF80F4800234B7E /* Info.plist */ = {isa = PBXFileReference; lastKnownFileType = text.plist.xml; path = Info.plist; sourceTree = "<group>"; };
/* End PBXFileReference section */

/* Begin PBXFrameworksBuildPhase section */
		23FCF3AB1DF80F4800234B7E /* Frameworks */ = {
			isa = PBXFrameworksBuildPhase;
			buildActionMask = 2147483647;
			files = (
			);
			runOnlyForDeploymentPostprocessing = 0;
		};
		23FCF3C11DF80F4800234B7E /* Frameworks */ = {
			isa = PBXFrameworksBuildPhase;
			buildActionMask = 2147483647;
			files = (
			);
			runOnlyForDeploymentPostprocessing = 0;
		};
		23FCF3CC1DF80F4800234B7E /* Frameworks */ = {
			isa = PBXFrameworksBuildPhase;
			buildActionMask = 2147483647;
			files = (
			);
			runOnlyForDeploymentPostprocessing = 0;
		};
/* End PBXFrameworksBuildPhase section */

/* Begin PBXGroup section */
		23FCF3A51DF80F4800234B7E = {
			isa = PBXGroup;
			children = (
				23FCF3B01DF80F4800234B7E /* calculator */,
				23FCF3C71DF80F4800234B7E /* calculatorTests */,
				23FCF3D21DF80F4800234B7E /* calculatorUITests */,
				23FCF3AF1DF80F4800234B7E /* Products */,
			);
			sourceTree = "<group>";
		};
		23FCF3AF1DF80F4800234B7E /* Products */ = {
			isa = PBXGroup;
			children = (
				23FCF3AE1DF80F4800234B7E /* calculator.app */,
				23FCF3C41DF80F4800234B7E /* calculatorTests.xctest */,
				23FCF3CF1DF80F4800234B7E /* calculatorUITests.xctest */,
			);
			name = Products;
			sourceTree = "<group>";
		};
		23FCF3B01DF80F4800234B7E /* calculator */ = {
			isa = PBXGroup;
			children = (
				23FCF3B11DF80F4800234B7E /* AppDelegate.swift */,
				23FCF3B31DF80F4800234B7E /* FirstViewController.swift */,
				23FCF3B51DF80F4800234B7E /* SecondViewController.swift */,
				23FCF3B71DF80F4800234B7E /* Main.storyboard */,
				23128DB81E2A05DC00041A1F /* calc.swift */,
				23FCF3BA1DF80F4800234B7E /* Assets.xcassets */,
				23FCF3BC1DF80F4800234B7E /* LaunchScreen.storyboard */,
				23FCF3BF1DF80F4800234B7E /* Info.plist */,
			);
			path = calculator;
			sourceTree = "<group>";
		};
		23FCF3C71DF80F4800234B7E /* calculatorTests */ = {
			isa = PBXGroup;
			children = (
				23FCF3C81DF80F4800234B7E /* calculatorTests.swift */,
				23FCF3CA1DF80F4800234B7E /* Info.plist */,
			);
			path = calculatorTests;
			sourceTree = "<group>";
		};
		23FCF3D21DF80F4800234B7E /* calculatorUITests */ = {
			isa = PBXGroup;
			children = (
				23FCF3D31DF80F4800234B7E /* calculatorUITests.swift */,
				23FCF3D51DF80F4800234B7E /* Info.plist */,
			);
			path = calculatorUITests;
			sourceTree = "<group>";
		};
/* End PBXGroup section */

/* Begin PBXNativeTarget section */
		23FCF3AD1DF80F4800234B7E /* calculator */ = {
			isa = PBXNativeTarget;
			buildConfigurationList = 23FCF3D81DF80F4800234B7E /* Build configuration list for PBXNativeTarget "calculator" */;
			buildPhases = (
				23FCF3AA1DF80F4800234B7E /* Sources */,
				23FCF3AB1DF80F4800234B7E /* Frameworks */,
				23FCF3AC1DF80F4800234B7E /* Resources */,
			);
			buildRules = (
			);
			dependencies = (
			);
			name = calculator;
			productName = calculator;
			productReference = 23FCF3AE1DF80F4800234B7E /* calculator.app */;
			productType = "com.apple.product-type.application";
		};
		23FCF3C31DF80F4800234B7E /* calculatorTests */ = {
			isa = PBXNativeTarget;
			buildConfigurationList = 23FCF3DB1DF80F4800234B7E /* Build configuration list for PBXNativeTarget "calculatorTests" */;
			buildPhases = (
				23FCF3C01DF80F4800234B7E /* Sources */,
				23FCF3C11DF80F4800234B7E /* Frameworks */,
				23FCF3C21DF80F4800234B7E /* Resources */,
			);
			buildRules = (
			);
			dependencies = (
				23FCF3C61DF80F4800234B7E /* PBXTargetDependency */,
			);
			name = calculatorTests;
			productName = calculatorTests;
			productReference = 23FCF3C41DF80F4800234B7E /* calculatorTests.xctest */;
			productType = "com.apple.product-type.bundle.unit-test";
		};
		23FCF3CE1DF80F4800234B7E /* calculatorUITests */ = {
			isa = PBXNativeTarget;
			buildConfigurationList = 23FCF3DE1DF80F4800234B7E /* Build configuration list for PBXNativeTarget "calculatorUITests" */;
			buildPhases = (
				23FCF3CB1DF80F4800234B7E /* Sources */,
				23FCF3CC1DF80F4800234B7E /* Frameworks */,
				23FCF3CD1DF80F4800234B7E /* Resources */,
			);
			buildRules = (
			);
			dependencies = (
				23FCF3D11DF80F4800234B7E /* PBXTargetDependency */,
			);
			name = calculatorUITests;
			productName = calculatorUITests;
			productReference = 23FCF3CF1DF80F4800234B7E /* calculatorUITests.xctest */;
			productType = "com.apple.product-type.bundle.ui-testing";
		};
/* End PBXNativeTarget section */

/* Begin PBXProject section */
		23FCF3A61DF80F4800234B7E /* Project object */ = {
			isa = PBXProject;
			attributes = {
				LastSwiftUpdateCheck = 0730;
				LastUpgradeCheck = 0730;
				ORGANIZATIONNAME = "石井真子";
				TargetAttributes = {
					23FCF3AD1DF80F4800234B7E = {
						CreatedOnToolsVersion = 7.3.1;
					};
					23FCF3C31DF80F4800234B7E = {
						CreatedOnToolsVersion = 7.3.1;
						TestTargetID = 23FCF3AD1DF80F4800234B7E;
					};
					23FCF3CE1DF80F4800234B7E = {
						CreatedOnToolsVersion = 7.3.1;
						TestTargetID = 23FCF3AD1DF80F4800234B7E;
					};
				};
			};
			buildConfigurationList = 23FCF3A91DF80F4800234B7E /* Build configuration list for PBXProject "calculator" */;
			compatibilityVersion = "Xcode 3.2";
			developmentRegion = English;
			hasScannedForEncodings = 0;
			knownRegions = (
				en,
				Base,
			);
			mainGroup = 23FCF3A51DF80F4800234B7E;
			productRefGroup = 23FCF3AF1DF80F4800234B7E /* Products */;
			projectDirPath = "";
			projectRoot = "";
			targets = (
				23FCF3AD1DF80F4800234B7E /* calculator */,
				23FCF3C31DF80F4800234B7E /* calculatorTests */,
				23FCF3CE1DF80F4800234B7E /* calculatorUITests */,
			);
		};
/* End PBXProject section */

/* Begin PBXResourcesBuildPhase section */
		23FCF3AC1DF80F4800234B7E /* Resources */ = {
			isa = PBXResourcesBuildPhase;
			buildActionMask = 2147483647;
			files = (
				23FCF3BE1DF80F4800234B7E /* LaunchScreen.storyboard in Resources */,
				23FCF3BB1DF80F4800234B7E /* Assets.xcassets in Resources */,
				23FCF3B91DF80F4800234B7E /* Main.storyboard in Resources */,
			);
			runOnlyForDeploymentPostprocessing = 0;
		};
		23FCF3C21DF80F4800234B7E /* Resources */ = {
			isa = PBXResourcesBuildPhase;
			buildActionMask = 2147483647;
			files = (
			);
			runOnlyForDeploymentPostprocessing = 0;
		};
		23FCF3CD1DF80F4800234B7E /* Resources */ = {
			isa = PBXResourcesBuildPhase;
			buildActionMask = 2147483647;
			files = (
			);
			runOnlyForDeploymentPostprocessing = 0;
		};
/* End PBXResourcesBuildPhase section */

/* Begin PBXSourcesBuildPhase section */
		23FCF3AA1DF80F4800234B7E /* Sources */ = {
			isa = PBXSourcesBuildPhase;
			buildActionMask = 2147483647;
			files = (
				23128DB91E2A05DC00041A1F /* calc.swift in Sources */,
				23FCF3B61DF80F4800234B7E /* SecondViewController.swift in Sources */,
				23FCF3B21DF80F4800234B7E /* AppDelegate.swift in Sources */,
				23FCF3B41DF80F4800234B7E /* FirstViewController.swift in Sources */,
			);
			runOnlyForDeploymentPostprocessing = 0;
		};
		23FCF3C01DF80F4800234B7E /* Sources */ = {
			isa = PBXSourcesBuildPhase;
			buildActionMask = 2147483647;
			files = (
				23FCF3C91DF80F4800234B7E /* calculatorTests.swift in Sources */,
			);
			runOnlyForDeploymentPostprocessing = 0;
		};
		23FCF3CB1DF80F4800234B7E /* Sources */ = {
			isa = PBXSourcesBuildPhase;
			buildActionMask = 2147483647;
			files = (
				23FCF3D41DF80F4800234B7E /* calculatorUITests.swift in Sources */,
			);
			runOnlyForDeploymentPostprocessing = 0;
		};
/* End PBXSourcesBuildPhase section */

/* Begin PBXTargetDependency section */
		23FCF3C61DF80F4800234B7E /* PBXTargetDependency */ = {
			isa = PBXTargetDependency;
			target = 23FCF3AD1DF80F4800234B7E /* calculator */;
			targetProxy = 23FCF3C51DF80F4800234B7E /* PBXContainerItemProxy */;
		};
		23FCF3D11DF80F4800234B7E /* PBXTargetDependency */ = {
			isa = PBXTargetDependency;
			target = 23FCF3AD1DF80F4800234B7E /* calculator */;
			targetProxy = 23FCF3D01DF80F4800234B7E /* PBXContainerItemProxy */;
		};
/* End PBXTargetDependency section */

/* Begin PBXVariantGroup section */
		23FCF3B71DF80F4800234B7E /* Main.storyboard */ = {
			isa = PBXVariantGroup;
			children = (
				23FCF3B81DF80F4800234B7E /* Base */,
			);
			name = Main.storyboard;
			sourceTree = "<group>";
		};
		23FCF3BC1DF80F4800234B7E /* LaunchScreen.storyboard */ = {
			isa = PBXVariantGroup;
			children = (
				23FCF3BD1DF80F4800234B7E /* Base */,
			);
			name = LaunchScreen.storyboard;
			sourceTree = "<group>";
		};
/* End PBXVariantGroup section */

/* Begin XCBuildConfiguration section */
		23FCF3D61DF80F4800234B7E /* Debug */ = {
			isa = XCBuildConfiguration;
			buildSettings = {
				ALWAYS_SEARCH_USER_PATHS = NO;
				CLANG_ANALYZER_NONNULL = YES;
				CLANG_CXX_LANGUAGE_STANDARD = "gnu++0x";
				CLANG_CXX_LIBRARY = "libc++";
				CLANG_ENABLE_MODULES = YES;
				CLANG_ENABLE_OBJC_ARC = YES;
				CLANG_WARN_BOOL_CONVERSION = YES;
				CLANG_WARN_CONSTANT_CONVERSION = YES;
				CLANG_WARN_DIRECT_OBJC_ISA_USAGE = YES_ERROR;
				CLANG_WARN_EMPTY_BODY = YES;
				CLANG_WARN_ENUM_CONVERSION = YES;
				CLANG_WARN_INT_CONVERSION = YES;
				CLANG_WARN_OBJC_ROOT_CLASS = YES_ERROR;
				CLANG_WARN_UNREACHABLE_CODE = YES;
				CLANG_WARN__DUPLICATE_METHOD_MATCH = YES;
				"CODE_SIGN_IDENTITY[sdk=iphoneos*]" = "iPhone Developer";
				COPY_PHASE_STRIP = NO;
				DEBUG_INFORMATION_FORMAT = dwarf;
				ENABLE_STRICT_OBJC_MSGSEND = YES;
				ENABLE_TESTABILITY = YES;
				GCC_C_LANGUAGE_STANDARD = gnu99;
				GCC_DYNAMIC_NO_PIC = NO;
				GCC_NO_COMMON_BLOCKS = YES;
				GCC_OPTIMIZATION_LEVEL = 0;
				GCC_PREPROCESSOR_DEFINITIONS = (
					"DEBUG=1",
					"$(inherited)",
				);
				GCC_WARN_64_TO_32_BIT_CONVERSION = YES;
				GCC_WARN_ABOUT_RETURN_TYPE = YES_ERROR;
				GCC_WARN_UNDECLARED_SELECTOR = YES;
				GCC_WARN_UNINITIALIZED_AUTOS = YES_AGGRESSIVE;
				GCC_WARN_UNUSED_FUNCTION = YES;
				GCC_WARN_UNUSED_VARIABLE = YES;
				IPHONEOS_DEPLOYMENT_TARGET = 9.3;
				MTL_ENABLE_DEBUG_INFO = YES;
				ONLY_ACTIVE_ARCH = YES;
				SDKROOT = iphoneos;
				SWIFT_OPTIMIZATION_LEVEL = "-Onone";
				TARGETED_DEVICE_FAMILY = "1,2";
			};
			name = Debug;
		};
		23FCF3D71DF80F4800234B7E /* Release */ = {
			isa = XCBuildConfiguration;
			buildSettings = {
				ALWAYS_SEARCH_USER_PATHS = NO;
				CLANG_ANALYZER_NONNULL = YES;
				CLANG_CXX_LANGUAGE_STANDARD = "gnu++0x";
				CLANG_CXX_LIBRARY = "libc++";
				CLANG_ENABLE_MODULES = YES;
				CLANG_ENABLE_OBJC_ARC = YES;
				CLANG_WARN_BOOL_CONVERSION = YES;
				CLANG_WARN_CONSTANT_CONVERSION = YES;
				CLANG_WARN_DIRECT_OBJC_ISA_USAGE = YES_ERROR;
				CLANG_WARN_EMPTY_BODY = YES;
				CLANG_WARN_ENUM_CONVERSION = YES;
				CLANG_WARN_INT_CONVERSION = YES;
				CLANG_WARN_OBJC_ROOT_CLASS = YES_ERROR;
				CLANG_WARN_UNREACHABLE_CODE = YES;
				CLANG_WARN__DUPLICATE_METHOD_MATCH = YES;
				"CODE_SIGN_IDENTITY[sdk=iphoneos*]" = "iPhone Developer";
				COPY_PHASE_STRIP = NO;
				DEBUG_INFORMATION_FORMAT = "dwarf-with-dsym";
				ENABLE_NS_ASSERTIONS = NO;
				ENABLE_STRICT_OBJC_MSGSEND = YES;
				GCC_C_LANGUAGE_STANDARD = gnu99;
				GCC_NO_COMMON_BLOCKS = YES;
				GCC_WARN_64_TO_32_BIT_CONVERSION = YES;
				GCC_WARN_ABOUT_RETURN_TYPE = YES_ERROR;
				GCC_WARN_UNDECLARED_SELECTOR = YES;
				GCC_WARN_UNINITIALIZED_AUTOS = YES_AGGRESSIVE;
				GCC_WARN_UNUSED_FUNCTION = YES;
				GCC_WARN_UNUSED_VARIABLE = YES;
				IPHONEOS_DEPLOYMENT_TARGET = 9.3;
				MTL_ENABLE_DEBUG_INFO = NO;
				SDKROOT = iphoneos;
				TARGETED_DEVICE_FAMILY = "1,2";
				VALIDATE_PRODUCT = YES;
			};
			name = Release;
		};
		23FCF3D91DF80F4800234B7E /* Debug */ = {
			isa = XCBuildConfiguration;
			buildSettings = {
				ASSETCATALOG_COMPILER_APPICON_NAME = AppIcon;
				INFOPLIST_FILE = calculator/Info.plist;
				LD_RUNPATH_SEARCH_PATHS = "$(inherited) @executable_path/Frameworks";
				PRODUCT_BUNDLE_IDENTIFIER = jp.co.ioswork.calculator;
				PRODUCT_NAME = "$(TARGET_NAME)";
			};
			name = Debug;
		};
		23FCF3DA1DF80F4800234B7E /* Release */ = {
			isa = XCBuildConfiguration;
			buildSettings = {
				ASSETCATALOG_COMPILER_APPICON_NAME = AppIcon;
				INFOPLIST_FILE = calculator/Info.plist;
				LD_RUNPATH_SEARCH_PATHS = "$(inherited) @executable_path/Frameworks";
				PRODUCT_BUNDLE_IDENTIFIER = jp.co.ioswork.calculator;
				PRODUCT_NAME = "$(TARGET_NAME)";
			};
			name = Release;
		};
		23FCF3DC1DF80F4800234B7E /* Debug */ = {
			isa = XCBuildConfiguration;
			buildSettings = {
				BUNDLE_LOADER = "$(TEST_HOST)";
				INFOPLIST_FILE = calculatorTests/Info.plist;
				LD_RUNPATH_SEARCH_PATHS = "$(inherited) @executable_path/Frameworks @loader_path/Frameworks";
				PRODUCT_BUNDLE_IDENTIFIER = jp.co.ioswork.calculatorTests;
				PRODUCT_NAME = "$(TARGET_NAME)";
				TEST_HOST = "$(BUILT_PRODUCTS_DIR)/calculator.app/calculator";
			};
			name = Debug;
		};
		23FCF3DD1DF80F4800234B7E /* Release */ = {
			isa = XCBuildConfiguration;
			buildSettings = {
				BUNDLE_LOADER = "$(TEST_HOST)";
				INFOPLIST_FILE = calculatorTests/Info.plist;
				LD_RUNPATH_SEARCH_PATHS = "$(inherited) @executable_path/Frameworks @loader_path/Frameworks";
				PRODUCT_BUNDLE_IDENTIFIER = jp.co.ioswork.calculatorTests;
				PRODUCT_NAME = "$(TARGET_NAME)";
				TEST_HOST = "$(BUILT_PRODUCTS_DIR)/calculator.app/calculator";
			};
			name = Release;
		};
		23FCF3DF1DF80F4800234B7E /* Debug */ = {
			isa = XCBuildConfiguration;
			buildSettings = {
				INFOPLIST_FILE = calculatorUITests/Info.plist;
				LD_RUNPATH_SEARCH_PATHS = "$(inherited) @executable_path/Frameworks @loader_path/Frameworks";
				PRODUCT_BUNDLE_IDENTIFIER = jp.co.ioswork.calculatorUITests;
				PRODUCT_NAME = "$(TARGET_NAME)";
				TEST_TARGET_NAME = calculator;
			};
			name = Debug;
		};
		23FCF3E01DF80F4800234B7E /* Release */ = {
			isa = XCBuildConfiguration;
			buildSettings = {
				INFOPLIST_FILE = calculatorUITests/Info.plist;
				LD_RUNPATH_SEARCH_PATHS = "$(inherited) @executable_path/Frameworks @loader_path/Frameworks";
				PRODUCT_BUNDLE_IDENTIFIER = jp.co.ioswork.calculatorUITests;
				PRODUCT_NAME = "$(TARGET_NAME)";
				TEST_TARGET_NAME = calculator;
			};
			name = Release;
		};
/* End XCBuildConfiguration section */

/* Begin XCConfigurationList section */
		23FCF3A91DF80F4800234B7E /* Build configuration list for PBXProject "calculator" */ = {
			isa = XCConfigurationList;
			buildConfigurations = (
				23FCF3D61DF80F4800234B7E /* Debug */,
				23FCF3D71DF80F4800234B7E /* Release */,
			);
			defaultConfigurationIsVisible = 0;
			defaultConfigurationName = Release;
		};
		23FCF3D81DF80F4800234B7E /* Build configuration list for PBXNativeTarget "calculator" */ = {
			isa = XCConfigurationList;
			buildConfigurations = (
				23FCF3D91DF80F4800234B7E /* Debug */,
				23FCF3DA1DF80F4800234B7E /* Release */,
			);
			defaultConfigurationIsVisible = 0;
			defaultConfigurationName = Release;
		};
		23FCF3DB1DF80F4800234B7E /* Build configuration list for PBXNativeTarget "calculatorTests" */ = {
			isa = XCConfigurationList;
			buildConfigurations = (
				23FCF3DC1DF80F4800234B7E /* Debug */,
				23FCF3DD1DF80F4800234B7E /* Release */,
			);
			defaultConfigurationIsVisible = 0;
			defaultConfigurationName = Release;
		};
		23FCF3DE1DF80F4800234B7E /* Build configuration list for PBXNativeTarget "calculatorUITests" */ = {
			isa = XCConfigurationList;
			buildConfigurations = (
				23FCF3DF1DF80F4800234B7E /* Debug */,
				23FCF3E01DF80F4800234B7E /* Release */,
			);
			defaultConfigurationIsVisible = 0;
			defaultConfigurationName = Release;
		};
/* End XCConfigurationList section */
	};
	rootObject = 23FCF3A61DF80F4800234B7E /* Project object */;
}
